
Microsoft Visual Studio Solution File, Format Version 12.00
# Visual Studio Version 17
VisualStudioVersion = 17.5.002.0
MinimumVisualStudioVersion = 10.0.40219.1
Project("{FAE04EC0-301F-11D3-BF4B-00C04F79EFBC}") = "Utilidades.Api", "Utilidades.Api\Utilidades.Api.csproj", "{37762746-631B-4499-8611-56E424B62B4F}"
EndProject
Project("{FAE04EC0-301F-11D3-BF4B-00C04F79EFBC}") = "Utilidades.Repositorios", "Utilidades.Repositorios\Utilidades.Repositorios.csproj", "{94021860-3F0E-9CC4-7587-99905CB08DB2}"
EndProject
Project("{FAE04EC0-301F-11D3-BF4B-00C04F79EFBC}") = "Utilidades.Servicios", "Utilidades.Servicios\Utilidades.Servicios.csproj", "{6D52F69D-56F4-F8C1-4A99-5E6F1FC9CF4B}"
EndProject
Project("{FAE04EC0-301F-11D3-BF4B-00C04F79EFBC}") = "CodigosPostales.Repositorios", "CodigosPostales.Repositorios\CodigosPostales.Repositorios.csproj", "{DD5EC2AD-EC08-BB51-79EC-12D14C510DBB}"
EndProject
Project("{FAE04EC0-301F-11D3-BF4B-00C04F79EFBC}") = "CodigosPostales.ReglasDeNegocio", "CodigosPostales.ReglasDeNegocio\CodigosPostales.ReglasDeNegocio.csproj", "{1657AF66-FEDD-0A09-FD03-35EA8D2CB4E4}"
EndProject
Project("{2150E333-8FDC-42A3-9474-1A3956D46DE8}") = "Solution Items", "Solution Items", "{8EC462FD-D22E-90A8-E5CE-7E832BA40C5D}"
	ProjectSection(SolutionItems) = preProject
		Readme.md = Readme.md
	EndProjectSection
EndProject
Project("{FAE04EC0-301F-11D3-BF4B-00C04F79EFBC}") = "Peliculas.Bl", "Peliculas.Bl\Peliculas.Bl.csproj", "{CA501293-1CF8-4A4B-8494-22F41FC612B2}"
EndProject
Project("{FAE04EC0-301F-11D3-BF4B-00C04F79EFBC}") = "Notas", "Notas\Notas.csproj", "{F169A0DC-3810-C0E6-A60A-C0DB6BCD265A}"
EndProject
Project("{FAE04EC0-301F-11D3-BF4B-00C04F79EFBC}") = "JwtTokenService", "JwtTokenService\JwtTokenService.csproj", "{CC4E310F-92BF-6816-A495-F226FD370232}"
EndProject
Global
	GlobalSection(SolutionConfigurationPlatforms) = preSolution
		Debug|Any CPU = Debug|Any CPU
		Release|Any CPU = Release|Any CPU
	EndGlobalSection
	GlobalSection(ProjectConfigurationPlatforms) = postSolution
		{37762746-631B-4499-8611-56E424B62B4F}.Debug|Any CPU.ActiveCfg = Debug|Any CPU
		{37762746-631B-4499-8611-56E424B62B4F}.Debug|Any CPU.Build.0 = Debug|Any CPU
		{37762746-631B-4499-8611-56E424B62B4F}.Release|Any CPU.ActiveCfg = Release|Any CPU
		{37762746-631B-4499-8611-56E424B62B4F}.Release|Any CPU.Build.0 = Release|Any CPU
		{94021860-3F0E-9CC4-7587-99905CB08DB2}.Debug|Any CPU.ActiveCfg = Debug|Any CPU
		{94021860-3F0E-9CC4-7587-99905CB08DB2}.Debug|Any CPU.Build.0 = Debug|Any CPU
		{94021860-3F0E-9CC4-7587-99905CB08DB2}.Release|Any CPU.ActiveCfg = Release|Any CPU
		{94021860-3F0E-9CC4-7587-99905CB08DB2}.Release|Any CPU.Build.0 = Release|Any CPU
		{6D52F69D-56F4-F8C1-4A99-5E6F1FC9CF4B}.Debug|Any CPU.ActiveCfg = Debug|Any CPU
		{6D52F69D-56F4-F8C1-4A99-5E6F1FC9CF4B}.Debug|Any CPU.Build.0 = Debug|Any CPU
		{6D52F69D-56F4-F8C1-4A99-5E6F1FC9CF4B}.Release|Any CPU.ActiveCfg = Release|Any CPU
		{6D52F69D-56F4-F8C1-4A99-5E6F1FC9CF4B}.Release|Any CPU.Build.0 = Release|Any CPU
		{DD5EC2AD-EC08-BB51-79EC-12D14C510DBB}.Debug|Any CPU.ActiveCfg = Debug|Any CPU
		{DD5EC2AD-EC08-BB51-79EC-12D14C510DBB}.Debug|Any CPU.Build.0 = Debug|Any CPU
		{DD5EC2AD-EC08-BB51-79EC-12D14C510DBB}.Release|Any CPU.ActiveCfg = Release|Any CPU
		{DD5EC2AD-EC08-BB51-79EC-12D14C510DBB}.Release|Any CPU.Build.0 = Release|Any CPU
		{1657AF66-FEDD-0A09-FD03-35EA8D2CB4E4}.Debug|Any CPU.ActiveCfg = Debug|Any CPU
		{1657AF66-FEDD-0A09-FD03-35EA8D2CB4E4}.Debug|Any CPU.Build.0 = Debug|Any CPU
		{1657AF66-FEDD-0A09-FD03-35EA8D2CB4E4}.Release|Any CPU.ActiveCfg = Release|Any CPU
		{1657AF66-FEDD-0A09-FD03-35EA8D2CB4E4}.Release|Any CPU.Build.0 = Release|Any CPU
		{CA501293-1CF8-4A4B-8494-22F41FC612B2}.Debug|Any CPU.ActiveCfg = Debug|Any CPU
		{CA501293-1CF8-4A4B-8494-22F41FC612B2}.Debug|Any CPU.Build.0 = Debug|Any CPU
		{CA501293-1CF8-4A4B-8494-22F41FC612B2}.Release|Any CPU.ActiveCfg = Release|Any CPU
		{CA501293-1CF8-4A4B-8494-22F41FC612B2}.Release|Any CPU.Build.0 = Release|Any CPU
		{F169A0DC-3810-C0E6-A60A-C0DB6BCD265A}.Debug|Any CPU.ActiveCfg = Debug|Any CPU
		{F169A0DC-3810-C0E6-A60A-C0DB6BCD265A}.Debug|Any CPU.Build.0 = Debug|Any CPU
		{F169A0DC-3810-C0E6-A60A-C0DB6BCD265A}.Release|Any CPU.ActiveCfg = Release|Any CPU
		{F169A0DC-3810-C0E6-A60A-C0DB6BCD265A}.Release|Any CPU.Build.0 = Release|Any CPU
		{CC4E310F-92BF-6816-A495-F226FD370232}.Debug|Any CPU.ActiveCfg = Debug|Any CPU
		{CC4E310F-92BF-6816-A495-F226FD370232}.Debug|Any CPU.Build.0 = Debug|Any CPU
		{CC4E310F-92BF-6816-A495-F226FD370232}.Release|Any CPU.ActiveCfg = Release|Any CPU
		{CC4E310F-92BF-6816-A495-F226FD370232}.Release|Any CPU.Build.0 = Release|Any CPU
	EndGlobalSection
	GlobalSection(SolutionProperties) = preSolution
		HideSolutionNode = FALSE
	EndGlobalSection
	GlobalSection(ExtensibilityGlobals) = postSolution
		SolutionGuid = {20C196E6-327E-4E94-ADE4-AC942404A0F2}
	EndGlobalSection
EndGlobal
