
Microsoft Visual Studio Solution File, Format Version 12.00
# Visual Studio Version 17
VisualStudioVersion = 17.5.002.0
MinimumVisualStudioVersion = 10.0.40219.1
Project("{9A19103F-16F7-4668-BE54-9A1E7A4F7556}") = "utilidadesv2", "utilidadesv2.csproj", "{444B695E-6BF1-45E5-AB95-4324C2FFDDD1}"
EndProject
Global
	GlobalSection(SolutionConfigurationPlatforms) = preSolution
		Debug|Any CPU = Debug|Any CPU
		Release|Any CPU = Release|Any CPU
	EndGlobalSection
	GlobalSection(ProjectConfigurationPlatforms) = postSolution
		{444B695E-6BF1-45E5-AB95-4324C2FFDDD1}.Debug|Any CPU.ActiveCfg = Debug|Any CPU
		{444B695E-6BF1-45E5-AB95-4324C2FFDDD1}.Debug|Any CPU.Build.0 = Debug|Any CPU
		{444B695E-6BF1-45E5-AB95-4324C2FFDDD1}.Release|Any CPU.ActiveCfg = Release|Any CPU
		{444B695E-6BF1-45E5-AB95-4324C2FFDDD1}.Release|Any CPU.Build.0 = Release|Any CPU
	EndGlobalSection
	GlobalSection(SolutionProperties) = preSolution
		HideSolutionNode = FALSE
	EndGlobalSection
	GlobalSection(ExtensibilityGlobals) = postSolution
		SolutionGuid = {20C196E6-327E-4E94-ADE4-AC942404A0F2}
	EndGlobalSection
EndGlobal
